
Microsoft Visual Studio Solution File, Format Version 12.00
# Visual Studio Version 17
VisualStudioVersion = 17.8.34219.65
MinimumVisualStudioVersion = 10.0.40219.1
Project("{FAE04EC0-301F-11D3-BF4B-00C04F79EFBC}") = "Factorial", "Factorial\Factorial.csproj", "{859120AB-BE22-4C35-8A12-D81EF35A7D68}"
EndProject
Global
	GlobalSection(SolutionConfigurationPlatforms) = preSolution
		Debug|Any CPU = Debug|Any CPU
		Release|Any CPU = Release|Any CPU
	EndGlobalSection
	GlobalSection(ProjectConfigurationPlatforms) = postSolution
		{859120AB-BE22-4C35-8A12-D81EF35A7D68}.Debug|Any CPU.ActiveCfg = Debug|Any CPU
		{859120AB-BE22-4C35-8A12-D81EF35A7D68}.Debug|Any CPU.Build.0 = Debug|Any CPU
		{859120AB-BE22-4C35-8A12-D81EF35A7D68}.Release|Any CPU.ActiveCfg = Release|Any CPU
		{859120AB-BE22-4C35-8A12-D81EF35A7D68}.Release|Any CPU.Build.0 = Release|Any CPU
	EndGlobalSection
	GlobalSection(SolutionProperties) = preSolution
		HideSolutionNode = FALSE
	EndGlobalSection
	GlobalSection(ExtensibilityGlobals) = postSolution
		SolutionGuid = {3517BE04-55C5-4F6D-801A-12E447FE300D}
	EndGlobalSection
EndGlobal
